// !$*UTF8*$!
{
	archiveVersion = 1;
	classes = {
	};
	objectVersion = 52;
	objects = {

/* Begin PBXBuildFile section */
		A5E2C01825DCE025007CF12E /* ExampleApp.swift in Sources */ = {isa = PBXBuildFile; fileRef = A5E2C00525DCE024007CF12E /* ExampleApp.swift */; };
		A5E2C01925DCE025007CF12E /* ExampleApp.swift in Sources */ = {isa = PBXBuildFile; fileRef = A5E2C00525DCE024007CF12E /* ExampleApp.swift */; };
		A5E2C01A25DCE025007CF12E /* ContentView.swift in Sources */ = {isa = PBXBuildFile; fileRef = A5E2C00625DCE024007CF12E /* ContentView.swift */; };
		A5E2C01B25DCE025007CF12E /* ContentView.swift in Sources */ = {isa = PBXBuildFile; fileRef = A5E2C00625DCE024007CF12E /* ContentView.swift */; };
		A5E2C01C25DCE025007CF12E /* Assets.xcassets in Resources */ = {isa = PBXBuildFile; fileRef = A5E2C00725DCE025007CF12E /* Assets.xcassets */; };
		A5E2C01D25DCE025007CF12E /* Assets.xcassets in Resources */ = {isa = PBXBuildFile; fileRef = A5E2C00725DCE025007CF12E /* Assets.xcassets */; };
		A5E2C07725DD7EC0007CF12E /* LNSBatteryLevel in Frameworks */ = {isa = PBXBuildFile; productRef = A5E2C07625DD7EC0007CF12E /* LNSBatteryLevel */; };
		A5E2C07925DD7EC8007CF12E /* LNSBatteryLevel in Frameworks */ = {isa = PBXBuildFile; productRef = A5E2C07825DD7EC8007CF12E /* LNSBatteryLevel */; };
/* End PBXBuildFile section */

/* Begin PBXFileReference section */
		A5E2C00525DCE024007CF12E /* ExampleApp.swift */ = {isa = PBXFileReference; lastKnownFileType = sourcecode.swift; path = ExampleApp.swift; sourceTree = "<group>"; };
		A5E2C00625DCE024007CF12E /* ContentView.swift */ = {isa = PBXFileReference; lastKnownFileType = sourcecode.swift; path = ContentView.swift; sourceTree = "<group>"; };
		A5E2C00725DCE025007CF12E /* Assets.xcassets */ = {isa = PBXFileReference; lastKnownFileType = folder.assetcatalog; path = Assets.xcassets; sourceTree = "<group>"; };
		A5E2C00C25DCE025007CF12E /* Example.app */ = {isa = PBXFileReference; explicitFileType = wrapper.application; includeInIndex = 0; path = Example.app; sourceTree = BUILT_PRODUCTS_DIR; };
		A5E2C00F25DCE025007CF12E /* Info.plist */ = {isa = PBXFileReference; lastKnownFileType = text.plist.xml; path = Info.plist; sourceTree = "<group>"; };
		A5E2C01425DCE025007CF12E /* Example.app */ = {isa = PBXFileReference; explicitFileType = wrapper.application; includeInIndex = 0; path = Example.app; sourceTree = BUILT_PRODUCTS_DIR; };
		A5E2C01625DCE025007CF12E /* Info.plist */ = {isa = PBXFileReference; lastKnownFileType = text.plist.xml; path = Info.plist; sourceTree = "<group>"; };
		A5E2C01725DCE025007CF12E /* macOS.entitlements */ = {isa = PBXFileReference; lastKnownFileType = text.plist.entitlements; path = macOS.entitlements; sourceTree = "<group>"; };
/* End PBXFileReference section */

/* Begin PBXFrameworksBuildPhase section */
		A5E2C00925DCE025007CF12E /* Frameworks */ = {
			isa = PBXFrameworksBuildPhase;
			buildActionMask = 2147483647;
			files = (
				A5E2C07725DD7EC0007CF12E /* LNSBatteryLevel in Frameworks */,
			);
			runOnlyForDeploymentPostprocessing = 0;
		};
		A5E2C01125DCE025007CF12E /* Frameworks */ = {
			isa = PBXFrameworksBuildPhase;
			buildActionMask = 2147483647;
			files = (
				A5E2C07925DD7EC8007CF12E /* LNSBatteryLevel in Frameworks */,
			);
			runOnlyForDeploymentPostprocessing = 0;
		};
/* End PBXFrameworksBuildPhase section */

/* Begin PBXGroup section */
		A5E2BFFF25DCE024007CF12E = {
			isa = PBXGroup;
			children = (
				A5E2C00425DCE024007CF12E /* Shared */,
				A5E2C00E25DCE025007CF12E /* iOS */,
				A5E2C01525DCE025007CF12E /* macOS */,
				A5E2C00D25DCE025007CF12E /* Products */,
				A5E2C06B25DD7C1F007CF12E /* Frameworks */,
			);
			sourceTree = "<group>";
		};
		A5E2C00425DCE024007CF12E /* Shared */ = {
			isa = PBXGroup;
			children = (
				A5E2C00525DCE024007CF12E /* ExampleApp.swift */,
				A5E2C00625DCE024007CF12E /* ContentView.swift */,
				A5E2C00725DCE025007CF12E /* Assets.xcassets */,
			);
			path = Shared;
			sourceTree = "<group>";
		};
		A5E2C00D25DCE025007CF12E /* Products */ = {
			isa = PBXGroup;
			children = (
				A5E2C00C25DCE025007CF12E /* Example.app */,
				A5E2C01425DCE025007CF12E /* Example.app */,
			);
			name = Products;
			sourceTree = "<group>";
		};
		A5E2C00E25DCE025007CF12E /* iOS */ = {
			isa = PBXGroup;
			children = (
				A5E2C00F25DCE025007CF12E /* Info.plist */,
			);
			path = iOS;
			sourceTree = "<group>";
		};
		A5E2C01525DCE025007CF12E /* macOS */ = {
			isa = PBXGroup;
			children = (
				A5E2C01625DCE025007CF12E /* Info.plist */,
				A5E2C01725DCE025007CF12E /* macOS.entitlements */,
			);
			path = macOS;
			sourceTree = "<group>";
		};
		A5E2C06B25DD7C1F007CF12E /* Frameworks */ = {
			isa = PBXGroup;
			children = (
			);
			name = Frameworks;
			sourceTree = "<group>";
		};
/* End PBXGroup section */

/* Begin PBXNativeTarget section */
		A5E2C00B25DCE025007CF12E /* Example (iOS) */ = {
			isa = PBXNativeTarget;
			buildConfigurationList = A5E2C02025DCE025007CF12E /* Build configuration list for PBXNativeTarget "Example (iOS)" */;
			buildPhases = (
				A5E2C00825DCE025007CF12E /* Sources */,
				A5E2C00925DCE025007CF12E /* Frameworks */,
				A5E2C00A25DCE025007CF12E /* Resources */,
			);
			buildRules = (
			);
			dependencies = (
			);
			name = "Example (iOS)";
			packageProductDependencies = (
				A5E2C07625DD7EC0007CF12E /* LNSBatteryLevel */,
			);
			productName = "Example (iOS)";
			productReference = A5E2C00C25DCE025007CF12E /* Example.app */;
			productType = "com.apple.product-type.application";
		};
		A5E2C01325DCE025007CF12E /* Example (macOS) */ = {
			isa = PBXNativeTarget;
			buildConfigurationList = A5E2C02325DCE025007CF12E /* Build configuration list for PBXNativeTarget "Example (macOS)" */;
			buildPhases = (
				A5E2C01025DCE025007CF12E /* Sources */,
				A5E2C01125DCE025007CF12E /* Frameworks */,
				A5E2C01225DCE025007CF12E /* Resources */,
			);
			buildRules = (
			);
			dependencies = (
			);
			name = "Example (macOS)";
			packageProductDependencies = (
				A5E2C07825DD7EC8007CF12E /* LNSBatteryLevel */,
			);
			productName = "Example (macOS)";
			productReference = A5E2C01425DCE025007CF12E /* Example.app */;
			productType = "com.apple.product-type.application";
		};
/* End PBXNativeTarget section */

/* Begin PBXProject section */
		A5E2C00025DCE024007CF12E /* Project object */ = {
			isa = PBXProject;
			attributes = {
				LastSwiftUpdateCheck = 1240;
				LastUpgradeCheck = 1240;
				TargetAttributes = {
					A5E2C00B25DCE025007CF12E = {
						CreatedOnToolsVersion = 12.4;
					};
					A5E2C01325DCE025007CF12E = {
						CreatedOnToolsVersion = 12.4;
					};
				};
			};
			buildConfigurationList = A5E2C00325DCE024007CF12E /* Build configuration list for PBXProject "Example" */;
			compatibilityVersion = "Xcode 9.3";
			developmentRegion = en;
			hasScannedForEncodings = 0;
			knownRegions = (
				en,
				Base,
			);
			mainGroup = A5E2BFFF25DCE024007CF12E;
			packageReferences = (
				A5E2C04E25DD005B007CF12E /* XCRemoteSwiftPackageReference "BatteryLevel" */,
			);
			productRefGroup = A5E2C00D25DCE025007CF12E /* Products */;
			projectDirPath = "";
			projectRoot = "";
			targets = (
				A5E2C00B25DCE025007CF12E /* Example (iOS) */,
				A5E2C01325DCE025007CF12E /* Example (macOS) */,
			);
		};
/* End PBXProject section */

/* Begin PBXResourcesBuildPhase section */
		A5E2C00A25DCE025007CF12E /* Resources */ = {
			isa = PBXResourcesBuildPhase;
			buildActionMask = 2147483647;
			files = (
				A5E2C01C25DCE025007CF12E /* Assets.xcassets in Resources */,
			);
			runOnlyForDeploymentPostprocessing = 0;
		};
		A5E2C01225DCE025007CF12E /* Resources */ = {
			isa = PBXResourcesBuildPhase;
			buildActionMask = 2147483647;
			files = (
				A5E2C01D25DCE025007CF12E /* Assets.xcassets in Resources */,
			);
			runOnlyForDeploymentPostprocessing = 0;
		};
/* End PBXResourcesBuildPhase section */

/* Begin PBXSourcesBuildPhase section */
		A5E2C00825DCE025007CF12E /* Sources */ = {
			isa = PBXSourcesBuildPhase;
			buildActionMask = 2147483647;
			files = (
				A5E2C01A25DCE025007CF12E /* ContentView.swift in Sources */,
				A5E2C01825DCE025007CF12E /* ExampleApp.swift in Sources */,
			);
			runOnlyForDeploymentPostprocessing = 0;
		};
		A5E2C01025DCE025007CF12E /* Sources */ = {
			isa = PBXSourcesBuildPhase;
			buildActionMask = 2147483647;
			files = (
				A5E2C01B25DCE025007CF12E /* ContentView.swift in Sources */,
				A5E2C01925DCE025007CF12E /* ExampleApp.swift in Sources */,
			);
			runOnlyForDeploymentPostprocessing = 0;
		};
/* End PBXSourcesBuildPhase section */

/* Begin XCBuildConfiguration section */
		A5E2C01E25DCE025007CF12E /* Debug */ = {
			isa = XCBuildConfiguration;
			buildSettings = {
				ALWAYS_SEARCH_USER_PATHS = NO;
				CLANG_ANALYZER_NONNULL = YES;
				CLANG_ANALYZER_NUMBER_OBJECT_CONVERSION = YES_AGGRESSIVE;
				CLANG_CXX_LANGUAGE_STANDARD = "gnu++14";
				CLANG_CXX_LIBRARY = "libc++";
				CLANG_ENABLE_MODULES = YES;
				CLANG_ENABLE_OBJC_ARC = YES;
				CLANG_ENABLE_OBJC_WEAK = YES;
				CLANG_WARN_BLOCK_CAPTURE_AUTORELEASING = YES;
				CLANG_WARN_BOOL_CONVERSION = YES;
				CLANG_WARN_COMMA = YES;
				CLANG_WARN_CONSTANT_CONVERSION = YES;
				CLANG_WARN_DEPRECATED_OBJC_IMPLEMENTATIONS = YES;
				CLANG_WARN_DIRECT_OBJC_ISA_USAGE = YES_ERROR;
				CLANG_WARN_DOCUMENTATION_COMMENTS = YES;
				CLANG_WARN_EMPTY_BODY = YES;
				CLANG_WARN_ENUM_CONVERSION = YES;
				CLANG_WARN_INFINITE_RECURSION = YES;
				CLANG_WARN_INT_CONVERSION = YES;
				CLANG_WARN_NON_LITERAL_NULL_CONVERSION = YES;
				CLANG_WARN_OBJC_IMPLICIT_RETAIN_SELF = YES;
				CLANG_WARN_OBJC_LITERAL_CONVERSION = YES;
				CLANG_WARN_OBJC_ROOT_CLASS = YES_ERROR;
				CLANG_WARN_QUOTED_INCLUDE_IN_FRAMEWORK_HEADER = YES;
				CLANG_WARN_RANGE_LOOP_ANALYSIS = YES;
				CLANG_WARN_STRICT_PROTOTYPES = YES;
				CLANG_WARN_SUSPICIOUS_MOVE = YES;
				CLANG_WARN_UNGUARDED_AVAILABILITY = YES_AGGRESSIVE;
				CLANG_WARN_UNREACHABLE_CODE = YES;
				CLANG_WARN__DUPLICATE_METHOD_MATCH = YES;
				COPY_PHASE_STRIP = NO;
				DEBUG_INFORMATION_FORMAT = dwarf;
				ENABLE_STRICT_OBJC_MSGSEND = YES;
				ENABLE_TESTABILITY = YES;
				GCC_C_LANGUAGE_STANDARD = gnu11;
				GCC_DYNAMIC_NO_PIC = NO;
				GCC_NO_COMMON_BLOCKS = YES;
				GCC_OPTIMIZATION_LEVEL = 0;
				GCC_PREPROCESSOR_DEFINITIONS = (
					"DEBUG=1",
					"$(inherited)",
				);
				GCC_WARN_64_TO_32_BIT_CONVERSION = YES;
				GCC_WARN_ABOUT_RETURN_TYPE = YES_ERROR;
				GCC_WARN_UNDECLARED_SELECTOR = YES;
				GCC_WARN_UNINITIALIZED_AUTOS = YES_AGGRESSIVE;
				GCC_WARN_UNUSED_FUNCTION = YES;
				GCC_WARN_UNUSED_VARIABLE = YES;
				MTL_ENABLE_DEBUG_INFO = INCLUDE_SOURCE;
				MTL_FAST_MATH = YES;
				ONLY_ACTIVE_ARCH = YES;
				SWIFT_ACTIVE_COMPILATION_CONDITIONS = DEBUG;
				SWIFT_OPTIMIZATION_LEVEL = "-Onone";
			};
			name = Debug;
		};
		A5E2C01F25DCE025007CF12E /* Release */ = {
			isa = XCBuildConfiguration;
			buildSettings = {
				ALWAYS_SEARCH_USER_PATHS = NO;
				CLANG_ANALYZER_NONNULL = YES;
				CLANG_ANALYZER_NUMBER_OBJECT_CONVERSION = YES_AGGRESSIVE;
				CLANG_CXX_LANGUAGE_STANDARD = "gnu++14";
				CLANG_CXX_LIBRARY = "libc++";
				CLANG_ENABLE_MODULES = YES;
				CLANG_ENABLE_OBJC_ARC = YES;
				CLANG_ENABLE_OBJC_WEAK = YES;
				CLANG_WARN_BLOCK_CAPTURE_AUTORELEASING = YES;
				CLANG_WARN_BOOL_CONVERSION = YES;
				CLANG_WARN_COMMA = YES;
				CLANG_WARN_CONSTANT_CONVERSION = YES;
				CLANG_WARN_DEPRECATED_OBJC_IMPLEMENTATIONS = YES;
				CLANG_WARN_DIRECT_OBJC_ISA_USAGE = YES_ERROR;
				CLANG_WARN_DOCUMENTATION_COMMENTS = YES;
				CLANG_WARN_EMPTY_BODY = YES;
				CLANG_WARN_ENUM_CONVERSION = YES;
				CLANG_WARN_INFINITE_RECURSION = YES;
				CLANG_WARN_INT_CONVERSION = YES;
				CLANG_WARN_NON_LITERAL_NULL_CONVERSION = YES;
				CLANG_WARN_OBJC_IMPLICIT_RETAIN_SELF = YES;
				CLANG_WARN_OBJC_LITERAL_CONVERSION = YES;
				CLANG_WARN_OBJC_ROOT_CLASS = YES_ERROR;
				CLANG_WARN_QUOTED_INCLUDE_IN_FRAMEWORK_HEADER = YES;
				CLANG_WARN_RANGE_LOOP_ANALYSIS = YES;
				CLANG_WARN_STRICT_PROTOTYPES = YES;
				CLANG_WARN_SUSPICIOUS_MOVE = YES;
				CLANG_WARN_UNGUARDED_AVAILABILITY = YES_AGGRESSIVE;
				CLANG_WARN_UNREACHABLE_CODE = YES;
				CLANG_WARN__DUPLICATE_METHOD_MATCH = YES;
				COPY_PHASE_STRIP = NO;
				DEBUG_INFORMATION_FORMAT = "dwarf-with-dsym";
				ENABLE_NS_ASSERTIONS = NO;
				ENABLE_STRICT_OBJC_MSGSEND = YES;
				GCC_C_LANGUAGE_STANDARD = gnu11;
				GCC_NO_COMMON_BLOCKS = YES;
				GCC_WARN_64_TO_32_BIT_CONVERSION = YES;
				GCC_WARN_ABOUT_RETURN_TYPE = YES_ERROR;
				GCC_WARN_UNDECLARED_SELECTOR = YES;
				GCC_WARN_UNINITIALIZED_AUTOS = YES_AGGRESSIVE;
				GCC_WARN_UNUSED_FUNCTION = YES;
				GCC_WARN_UNUSED_VARIABLE = YES;
				MTL_ENABLE_DEBUG_INFO = NO;
				MTL_FAST_MATH = YES;
				SWIFT_COMPILATION_MODE = wholemodule;
				SWIFT_OPTIMIZATION_LEVEL = "-O";
			};
			name = Release;
		};
		A5E2C02125DCE025007CF12E /* Debug */ = {
			isa = XCBuildConfiguration;
			buildSettings = {
				ASSETCATALOG_COMPILER_APPICON_NAME = AppIcon;
				ASSETCATALOG_COMPILER_GLOBAL_ACCENT_COLOR_NAME = AccentColor;
				CODE_SIGN_STYLE = Automatic;
				DEVELOPMENT_TEAM = Z7S6X96M3X;
				ENABLE_PREVIEWS = YES;
				INFOPLIST_FILE = iOS/Info.plist;
				IPHONEOS_DEPLOYMENT_TARGET = 14.1;
				LD_RUNPATH_SEARCH_PATHS = (
					"$(inherited)",
					"@executable_path/Frameworks",
				);
				PRODUCT_BUNDLE_IDENTIFIER = com.latenightsw.Example;
				PRODUCT_NAME = Example;
				SDKROOT = iphoneos;
				SWIFT_VERSION = 5.0;
				TARGETED_DEVICE_FAMILY = "1,2";
			};
			name = Debug;
		};
		A5E2C02225DCE025007CF12E /* Release */ = {
			isa = XCBuildConfiguration;
			buildSettings = {
				ASSETCATALOG_COMPILER_APPICON_NAME = AppIcon;
				ASSETCATALOG_COMPILER_GLOBAL_ACCENT_COLOR_NAME = AccentColor;
				CODE_SIGN_STYLE = Automatic;
				DEVELOPMENT_TEAM = Z7S6X96M3X;
				ENABLE_PREVIEWS = YES;
				INFOPLIST_FILE = iOS/Info.plist;
				IPHONEOS_DEPLOYMENT_TARGET = 14.1;
				LD_RUNPATH_SEARCH_PATHS = (
					"$(inherited)",
					"@executable_path/Frameworks",
				);
				PRODUCT_BUNDLE_IDENTIFIER = com.latenightsw.Example;
				PRODUCT_NAME = Example;
				SDKROOT = iphoneos;
				SWIFT_VERSION = 5.0;
				TARGETED_DEVICE_FAMILY = "1,2";
				VALIDATE_PRODUCT = YES;
			};
			name = Release;
		};
		A5E2C02425DCE025007CF12E /* Debug */ = {
			isa = XCBuildConfiguration;
			buildSettings = {
				ASSETCATALOG_COMPILER_APPICON_NAME = AppIcon;
				ASSETCATALOG_COMPILER_GLOBAL_ACCENT_COLOR_NAME = AccentColor;
				CODE_SIGN_ENTITLEMENTS = macOS/macOS.entitlements;
				CODE_SIGN_STYLE = Automatic;
				COMBINE_HIDPI_IMAGES = YES;
				DEVELOPMENT_TEAM = Z7S6X96M3X;
				ENABLE_HARDENED_RUNTIME = YES;
				ENABLE_PREVIEWS = YES;
				INFOPLIST_FILE = macOS/Info.plist;
				LD_RUNPATH_SEARCH_PATHS = (
					"$(inherited)",
					"@executable_path/../Frameworks",
				);
				MACOSX_DEPLOYMENT_TARGET = 11.0;
				PRODUCT_BUNDLE_IDENTIFIER = com.latenightsw.Example;
				PRODUCT_NAME = Example;
				SDKROOT = macosx;
				SWIFT_VERSION = 5.0;
			};
			name = Debug;
		};
		A5E2C02525DCE025007CF12E /* Release */ = {
			isa = XCBuildConfiguration;
			buildSettings = {
				ASSETCATALOG_COMPILER_APPICON_NAME = AppIcon;
				ASSETCATALOG_COMPILER_GLOBAL_ACCENT_COLOR_NAME = AccentColor;
				CODE_SIGN_ENTITLEMENTS = macOS/macOS.entitlements;
				CODE_SIGN_STYLE = Automatic;
				COMBINE_HIDPI_IMAGES = YES;
				DEVELOPMENT_TEAM = Z7S6X96M3X;
				ENABLE_HARDENED_RUNTIME = YES;
				ENABLE_PREVIEWS = YES;
				INFOPLIST_FILE = macOS/Info.plist;
				LD_RUNPATH_SEARCH_PATHS = (
					"$(inherited)",
					"@executable_path/../Frameworks",
				);
				MACOSX_DEPLOYMENT_TARGET = 11.0;
				PRODUCT_BUNDLE_IDENTIFIER = com.latenightsw.Example;
				PRODUCT_NAME = Example;
				SDKROOT = macosx;
				SWIFT_VERSION = 5.0;
			};
			name = Release;
		};
/* End XCBuildConfiguration section */

/* Begin XCConfigurationList section */
		A5E2C00325DCE024007CF12E /* Build configuration list for PBXProject "Example" */ = {
			isa = XCConfigurationList;
			buildConfigurations = (
				A5E2C01E25DCE025007CF12E /* Debug */,
				A5E2C01F25DCE025007CF12E /* Release */,
			);
			defaultConfigurationIsVisible = 0;
			defaultConfigurationName = Release;
		};
		A5E2C02025DCE025007CF12E /* Build configuration list for PBXNativeTarget "Example (iOS)" */ = {
			isa = XCConfigurationList;
			buildConfigurations = (
				A5E2C02125DCE025007CF12E /* Debug */,
				A5E2C02225DCE025007CF12E /* Release */,
			);
			defaultConfigurationIsVisible = 0;
			defaultConfigurationName = Release;
		};
		A5E2C02325DCE025007CF12E /* Build configuration list for PBXNativeTarget "Example (macOS)" */ = {
			isa = XCConfigurationList;
			buildConfigurations = (
				A5E2C02425DCE025007CF12E /* Debug */,
				A5E2C02525DCE025007CF12E /* Release */,
			);
			defaultConfigurationIsVisible = 0;
			defaultConfigurationName = Release;
		};
/* End XCConfigurationList section */

/* Begin XCRemoteSwiftPackageReference section */
		A5E2C04E25DD005B007CF12E /* XCRemoteSwiftPackageReference "BatteryLevel" */ = {
			isa = XCRemoteSwiftPackageReference;
			repositoryURL = "https://github.com/alldritt/BatteryLevel.git";
			requirement = {
				kind = upToNextMajorVersion;
				minimumVersion = 1.0.0;
			};
		};
/* End XCRemoteSwiftPackageReference section */

/* Begin XCSwiftPackageProductDependency section */
		A5E2C07625DD7EC0007CF12E /* LNSBatteryLevel */ = {
			isa = XCSwiftPackageProductDependency;
			package = A5E2C04E25DD005B007CF12E /* XCRemoteSwiftPackageReference "BatteryLevel" */;
			productName = LNSBatteryLevel;
		};
		A5E2C07825DD7EC8007CF12E /* LNSBatteryLevel */ = {
			isa = XCSwiftPackageProductDependency;
			package = A5E2C04E25DD005B007CF12E /* XCRemoteSwiftPackageReference "BatteryLevel" */;
			productName = LNSBatteryLevel;
		};
/* End XCSwiftPackageProductDependency section */
	};
	rootObject = A5E2C00025DCE024007CF12E /* Project object */;
}
