{
  "object": {
    "pins": [
      {
        "package": "LNSBatteryLevel",
        "repositoryURL": "https://github.com/alldritt/BatteryLevel.git",
        "state": {
          "branch": null,
          "revision": "f03cbde3e4ce54da4297c32a47f5442f4d9be631",
          "version": "1.1.0"
        }
      }
    ]
  },
  "version": 1
}
